
Microsoft Visual Studio Solution File, Format Version 12.00
# Visual Studio Version 17
VisualStudioVersion = 17.2.32630.192
MinimumVisualStudioVersion = 10.0.40219.1
Project("{FAE04EC0-301F-11D3-BF4B-00C04F79EFBC}") = "WebApplication5", "WebApplication5\WebApplication5.csproj", "{DB1854C0-A4D4-4B72-8635-14C73214AC6D}"
EndProject
Global
	GlobalSection(SolutionConfigurationPlatforms) = preSolution
		Debug|Any CPU = Debug|Any CPU
		Release|Any CPU = Release|Any CPU
	EndGlobalSection
	GlobalSection(ProjectConfigurationPlatforms) = postSolution
		{DB1854C0-A4D4-4B72-8635-14C73214AC6D}.Debug|Any CPU.ActiveCfg = Debug|Any CPU
		{DB1854C0-A4D4-4B72-8635-14C73214AC6D}.Debug|Any CPU.Build.0 = Debug|Any CPU
		{DB1854C0-A4D4-4B72-8635-14C73214AC6D}.Release|Any CPU.ActiveCfg = Release|Any CPU
		{DB1854C0-A4D4-4B72-8635-14C73214AC6D}.Release|Any CPU.Build.0 = Release|Any CPU
	EndGlobalSection
	GlobalSection(SolutionProperties) = preSolution
		HideSolutionNode = FALSE
	EndGlobalSection
	GlobalSection(ExtensibilityGlobals) = postSolution
		SolutionGuid = {7A005130-5569-47F5-9D2E-D56E2F40AC8A}
	EndGlobalSection
EndGlobal
